// !$*UTF8*$!
{
	archiveVersion = 1;
	classes = {
	};
	objectVersion = 50;
	objects = {

/* Begin PBXBuildFile section */
		EDF79D5D26F7A87600FD937C /* AppDelegate.swift in Sources */ = {isa = PBXBuildFile; fileRef = EDF79D5C26F7A87600FD937C /* AppDelegate.swift */; };
		EDF79D5F26F7A87600FD937C /* SceneDelegate.swift in Sources */ = {isa = PBXBuildFile; fileRef = EDF79D5E26F7A87600FD937C /* SceneDelegate.swift */; };
		EDF79D6426F7A87600FD937C /* Main.storyboard in Resources */ = {isa = PBXBuildFile; fileRef = EDF79D6226F7A87600FD937C /* Main.storyboard */; };
		EDF79D6726F7A87600FD937C /* TaskList.xcdatamodeld in Sources */ = {isa = PBXBuildFile; fileRef = EDF79D6526F7A87600FD937C /* TaskList.xcdatamodeld */; };
		EDF79D6926F7A88200FD937C /* Assets.xcassets in Resources */ = {isa = PBXBuildFile; fileRef = EDF79D6826F7A88200FD937C /* Assets.xcassets */; };
		EDF79D6C26F7A88200FD937C /* LaunchScreen.storyboard in Resources */ = {isa = PBXBuildFile; fileRef = EDF79D6A26F7A88200FD937C /* LaunchScreen.storyboard */; };
		EDF79D7726F7A92200FD937C /* TaskListViewController.swift in Sources */ = {isa = PBXBuildFile; fileRef = EDF79D7626F7A92200FD937C /* TaskListViewController.swift */; };
		EDF79D7926F7A93600FD937C /* AddTaskViewController.swift in Sources */ = {isa = PBXBuildFile; fileRef = EDF79D7826F7A93600FD937C /* AddTaskViewController.swift */; };
		EDF79D7C26FA219F00FD937C /* Task.swift in Sources */ = {isa = PBXBuildFile; fileRef = EDF79D7B26FA219F00FD937C /* Task.swift */; };
		EDF79D7E26FA221400FD937C /* Tasks.swift in Sources */ = {isa = PBXBuildFile; fileRef = EDF79D7D26FA221400FD937C /* Tasks.swift */; };
		EDF79D8026FA265B00FD937C /* TaskViewController.swift in Sources */ = {isa = PBXBuildFile; fileRef = EDF79D7F26FA265B00FD937C /* TaskViewController.swift */; };
/* End PBXBuildFile section */

/* Begin PBXFileReference section */
		EDF79D5926F7A87600FD937C /* TaskList.app */ = {isa = PBXFileReference; explicitFileType = wrapper.application; includeInIndex = 0; path = TaskList.app; sourceTree = BUILT_PRODUCTS_DIR; };
		EDF79D5C26F7A87600FD937C /* AppDelegate.swift */ = {isa = PBXFileReference; lastKnownFileType = sourcecode.swift; path = AppDelegate.swift; sourceTree = "<group>"; };
		EDF79D5E26F7A87600FD937C /* SceneDelegate.swift */ = {isa = PBXFileReference; lastKnownFileType = sourcecode.swift; path = SceneDelegate.swift; sourceTree = "<group>"; };
		EDF79D6326F7A87600FD937C /* Base */ = {isa = PBXFileReference; lastKnownFileType = file.storyboard; name = Base; path = Base.lproj/Main.storyboard; sourceTree = "<group>"; };
		EDF79D6626F7A87600FD937C /* TaskList.xcdatamodel */ = {isa = PBXFileReference; lastKnownFileType = wrapper.xcdatamodel; path = TaskList.xcdatamodel; sourceTree = "<group>"; };
		EDF79D6826F7A88200FD937C /* Assets.xcassets */ = {isa = PBXFileReference; lastKnownFileType = folder.assetcatalog; path = Assets.xcassets; sourceTree = "<group>"; };
		EDF79D6B26F7A88200FD937C /* Base */ = {isa = PBXFileReference; lastKnownFileType = file.storyboard; name = Base; path = Base.lproj/LaunchScreen.storyboard; sourceTree = "<group>"; };
		EDF79D6D26F7A88200FD937C /* Info.plist */ = {isa = PBXFileReference; lastKnownFileType = text.plist.xml; path = Info.plist; sourceTree = "<group>"; };
		EDF79D7626F7A92200FD937C /* TaskListViewController.swift */ = {isa = PBXFileReference; lastKnownFileType = sourcecode.swift; path = TaskListViewController.swift; sourceTree = "<group>"; };
		EDF79D7826F7A93600FD937C /* AddTaskViewController.swift */ = {isa = PBXFileReference; lastKnownFileType = sourcecode.swift; path = AddTaskViewController.swift; sourceTree = "<group>"; };
		EDF79D7B26FA219F00FD937C /* Task.swift */ = {isa = PBXFileReference; lastKnownFileType = sourcecode.swift; path = Task.swift; sourceTree = "<group>"; };
		EDF79D7D26FA221400FD937C /* Tasks.swift */ = {isa = PBXFileReference; lastKnownFileType = sourcecode.swift; path = Tasks.swift; sourceTree = "<group>"; };
		EDF79D7F26FA265B00FD937C /* TaskViewController.swift */ = {isa = PBXFileReference; lastKnownFileType = sourcecode.swift; path = TaskViewController.swift; sourceTree = "<group>"; };
/* End PBXFileReference section */

/* Begin PBXFrameworksBuildPhase section */
		EDF79D5626F7A87600FD937C /* Frameworks */ = {
			isa = PBXFrameworksBuildPhase;
			buildActionMask = 2147483647;
			files = (
			);
			runOnlyForDeploymentPostprocessing = 0;
		};
/* End PBXFrameworksBuildPhase section */

/* Begin PBXGroup section */
		EDF79D5026F7A87600FD937C = {
			isa = PBXGroup;
			children = (
				EDF79D5B26F7A87600FD937C /* TaskList */,
				EDF79D5A26F7A87600FD937C /* Products */,
			);
			sourceTree = "<group>";
		};
		EDF79D5A26F7A87600FD937C /* Products */ = {
			isa = PBXGroup;
			children = (
				EDF79D5926F7A87600FD937C /* TaskList.app */,
			);
			name = Products;
			sourceTree = "<group>";
		};
		EDF79D5B26F7A87600FD937C /* TaskList */ = {
			isa = PBXGroup;
			children = (
				EDF79D7A26FA218900FD937C /* Models */,
				EDF79D7526F7A8F800FD937C /* Controllers */,
				EDF79D7326F7A89400FD937C /* App */,
				EDF79D7426F7A89C00FD937C /* Resourses */,
			);
			path = TaskList;
			sourceTree = "<group>";
		};
		EDF79D7326F7A89400FD937C /* App */ = {
			isa = PBXGroup;
			children = (
				EDF79D5C26F7A87600FD937C /* AppDelegate.swift */,
				EDF79D5E26F7A87600FD937C /* SceneDelegate.swift */,
			);
			path = App;
			sourceTree = "<group>";
		};
		EDF79D7426F7A89C00FD937C /* Resourses */ = {
			isa = PBXGroup;
			children = (
				EDF79D6226F7A87600FD937C /* Main.storyboard */,
				EDF79D6826F7A88200FD937C /* Assets.xcassets */,
				EDF79D6A26F7A88200FD937C /* LaunchScreen.storyboard */,
				EDF79D6D26F7A88200FD937C /* Info.plist */,
				EDF79D6526F7A87600FD937C /* TaskList.xcdatamodeld */,
			);
			path = Resourses;
			sourceTree = "<group>";
		};
		EDF79D7526F7A8F800FD937C /* Controllers */ = {
			isa = PBXGroup;
			children = (
				EDF79D7626F7A92200FD937C /* TaskListViewController.swift */,
				EDF79D7826F7A93600FD937C /* AddTaskViewController.swift */,
				EDF79D7F26FA265B00FD937C /* TaskViewController.swift */,
			);
			path = Controllers;
			sourceTree = "<group>";
		};
		EDF79D7A26FA218900FD937C /* Models */ = {
			isa = PBXGroup;
			children = (
				EDF79D7B26FA219F00FD937C /* Task.swift */,
				EDF79D7D26FA221400FD937C /* Tasks.swift */,
			);
			path = Models;
			sourceTree = "<group>";
		};
/* End PBXGroup section */

/* Begin PBXNativeTarget section */
		EDF79D5826F7A87600FD937C /* TaskList */ = {
			isa = PBXNativeTarget;
			buildConfigurationList = EDF79D7026F7A88200FD937C /* Build configuration list for PBXNativeTarget "TaskList" */;
			buildPhases = (
				EDF79D5526F7A87600FD937C /* Sources */,
				EDF79D5626F7A87600FD937C /* Frameworks */,
				EDF79D5726F7A87600FD937C /* Resources */,
			);
			buildRules = (
			);
			dependencies = (
			);
			name = TaskList;
			productName = TaskList;
			productReference = EDF79D5926F7A87600FD937C /* TaskList.app */;
			productType = "com.apple.product-type.application";
		};
/* End PBXNativeTarget section */

/* Begin PBXProject section */
		EDF79D5126F7A87600FD937C /* Project object */ = {
			isa = PBXProject;
			attributes = {
				LastSwiftUpdateCheck = 1250;
				LastUpgradeCheck = 1250;
				TargetAttributes = {
					EDF79D5826F7A87600FD937C = {
						CreatedOnToolsVersion = 12.5;
					};
				};
			};
			buildConfigurationList = EDF79D5426F7A87600FD937C /* Build configuration list for PBXProject "TaskList" */;
			compatibilityVersion = "Xcode 9.3";
			developmentRegion = en;
			hasScannedForEncodings = 0;
			knownRegions = (
				en,
				Base,
			);
			mainGroup = EDF79D5026F7A87600FD937C;
			productRefGroup = EDF79D5A26F7A87600FD937C /* Products */;
			projectDirPath = "";
			projectRoot = "";
			targets = (
				EDF79D5826F7A87600FD937C /* TaskList */,
			);
		};
/* End PBXProject section */

/* Begin PBXResourcesBuildPhase section */
		EDF79D5726F7A87600FD937C /* Resources */ = {
			isa = PBXResourcesBuildPhase;
			buildActionMask = 2147483647;
			files = (
				EDF79D6C26F7A88200FD937C /* LaunchScreen.storyboard in Resources */,
				EDF79D6926F7A88200FD937C /* Assets.xcassets in Resources */,
				EDF79D6426F7A87600FD937C /* Main.storyboard in Resources */,
			);
			runOnlyForDeploymentPostprocessing = 0;
		};
/* End PBXResourcesBuildPhase section */

/* Begin PBXSourcesBuildPhase section */
		EDF79D5526F7A87600FD937C /* Sources */ = {
			isa = PBXSourcesBuildPhase;
			buildActionMask = 2147483647;
			files = (
				EDF79D7E26FA221400FD937C /* Tasks.swift in Sources */,
				EDF79D6726F7A87600FD937C /* TaskList.xcdatamodeld in Sources */,
				EDF79D7726F7A92200FD937C /* TaskListViewController.swift in Sources */,
				EDF79D5D26F7A87600FD937C /* AppDelegate.swift in Sources */,
				EDF79D5F26F7A87600FD937C /* SceneDelegate.swift in Sources */,
				EDF79D8026FA265B00FD937C /* TaskViewController.swift in Sources */,
				EDF79D7C26FA219F00FD937C /* Task.swift in Sources */,
				EDF79D7926F7A93600FD937C /* AddTaskViewController.swift in Sources */,
			);
			runOnlyForDeploymentPostprocessing = 0;
		};
/* End PBXSourcesBuildPhase section */

/* Begin PBXVariantGroup section */
		EDF79D6226F7A87600FD937C /* Main.storyboard */ = {
			isa = PBXVariantGroup;
			children = (
				EDF79D6326F7A87600FD937C /* Base */,
			);
			name = Main.storyboard;
			sourceTree = "<group>";
		};
		EDF79D6A26F7A88200FD937C /* LaunchScreen.storyboard */ = {
			isa = PBXVariantGroup;
			children = (
				EDF79D6B26F7A88200FD937C /* Base */,
			);
			name = LaunchScreen.storyboard;
			sourceTree = "<group>";
		};
/* End PBXVariantGroup section */

/* Begin XCBuildConfiguration section */
		EDF79D6E26F7A88200FD937C /* Debug */ = {
			isa = XCBuildConfiguration;
			buildSettings = {
				ALWAYS_SEARCH_USER_PATHS = NO;
				CLANG_ANALYZER_NONNULL = YES;
				CLANG_ANALYZER_NUMBER_OBJECT_CONVERSION = YES_AGGRESSIVE;
				CLANG_CXX_LANGUAGE_STANDARD = "gnu++14";
				CLANG_CXX_LIBRARY = "libc++";
				CLANG_ENABLE_MODULES = YES;
				CLANG_ENABLE_OBJC_ARC = YES;
				CLANG_ENABLE_OBJC_WEAK = YES;
				CLANG_WARN_BLOCK_CAPTURE_AUTORELEASING = YES;
				CLANG_WARN_BOOL_CONVERSION = YES;
				CLANG_WARN_COMMA = YES;
				CLANG_WARN_CONSTANT_CONVERSION = YES;
				CLANG_WARN_DEPRECATED_OBJC_IMPLEMENTATIONS = YES;
				CLANG_WARN_DIRECT_OBJC_ISA_USAGE = YES_ERROR;
				CLANG_WARN_DOCUMENTATION_COMMENTS = YES;
				CLANG_WARN_EMPTY_BODY = YES;
				CLANG_WARN_ENUM_CONVERSION = YES;
				CLANG_WARN_INFINITE_RECURSION = YES;
				CLANG_WARN_INT_CONVERSION = YES;
				CLANG_WARN_NON_LITERAL_NULL_CONVERSION = YES;
				CLANG_WARN_OBJC_IMPLICIT_RETAIN_SELF = YES;
				CLANG_WARN_OBJC_LITERAL_CONVERSION = YES;
				CLANG_WARN_OBJC_ROOT_CLASS = YES_ERROR;
				CLANG_WARN_QUOTED_INCLUDE_IN_FRAMEWORK_HEADER = YES;
				CLANG_WARN_RANGE_LOOP_ANALYSIS = YES;
				CLANG_WARN_STRICT_PROTOTYPES = YES;
				CLANG_WARN_SUSPICIOUS_MOVE = YES;
				CLANG_WARN_UNGUARDED_AVAILABILITY = YES_AGGRESSIVE;
				CLANG_WARN_UNREACHABLE_CODE = YES;
				CLANG_WARN__DUPLICATE_METHOD_MATCH = YES;
				COPY_PHASE_STRIP = NO;
				DEBUG_INFORMATION_FORMAT = dwarf;
				ENABLE_STRICT_OBJC_MSGSEND = YES;
				ENABLE_TESTABILITY = YES;
				GCC_C_LANGUAGE_STANDARD = gnu11;
				GCC_DYNAMIC_NO_PIC = NO;
				GCC_NO_COMMON_BLOCKS = YES;
				GCC_OPTIMIZATION_LEVEL = 0;
				GCC_PREPROCESSOR_DEFINITIONS = (
					"DEBUG=1",
					"$(inherited)",
				);
				GCC_WARN_64_TO_32_BIT_CONVERSION = YES;
				GCC_WARN_ABOUT_RETURN_TYPE = YES_ERROR;
				GCC_WARN_UNDECLARED_SELECTOR = YES;
				GCC_WARN_UNINITIALIZED_AUTOS = YES_AGGRESSIVE;
				GCC_WARN_UNUSED_FUNCTION = YES;
				GCC_WARN_UNUSED_VARIABLE = YES;
				IPHONEOS_DEPLOYMENT_TARGET = 14.5;
				MTL_ENABLE_DEBUG_INFO = INCLUDE_SOURCE;
				MTL_FAST_MATH = YES;
				ONLY_ACTIVE_ARCH = YES;
				SDKROOT = iphoneos;
				SWIFT_ACTIVE_COMPILATION_CONDITIONS = DEBUG;
				SWIFT_OPTIMIZATION_LEVEL = "-Onone";
			};
			name = Debug;
		};
		EDF79D6F26F7A88200FD937C /* Release */ = {
			isa = XCBuildConfiguration;
			buildSettings = {
				ALWAYS_SEARCH_USER_PATHS = NO;
				CLANG_ANALYZER_NONNULL = YES;
				CLANG_ANALYZER_NUMBER_OBJECT_CONVERSION = YES_AGGRESSIVE;
				CLANG_CXX_LANGUAGE_STANDARD = "gnu++14";
				CLANG_CXX_LIBRARY = "libc++";
				CLANG_ENABLE_MODULES = YES;
				CLANG_ENABLE_OBJC_ARC = YES;
				CLANG_ENABLE_OBJC_WEAK = YES;
				CLANG_WARN_BLOCK_CAPTURE_AUTORELEASING = YES;
				CLANG_WARN_BOOL_CONVERSION = YES;
				CLANG_WARN_COMMA = YES;
				CLANG_WARN_CONSTANT_CONVERSION = YES;
				CLANG_WARN_DEPRECATED_OBJC_IMPLEMENTATIONS = YES;
				CLANG_WARN_DIRECT_OBJC_ISA_USAGE = YES_ERROR;
				CLANG_WARN_DOCUMENTATION_COMMENTS = YES;
				CLANG_WARN_EMPTY_BODY = YES;
				CLANG_WARN_ENUM_CONVERSION = YES;
				CLANG_WARN_INFINITE_RECURSION = YES;
				CLANG_WARN_INT_CONVERSION = YES;
				CLANG_WARN_NON_LITERAL_NULL_CONVERSION = YES;
				CLANG_WARN_OBJC_IMPLICIT_RETAIN_SELF = YES;
				CLANG_WARN_OBJC_LITERAL_CONVERSION = YES;
				CLANG_WARN_OBJC_ROOT_CLASS = YES_ERROR;
				CLANG_WARN_QUOTED_INCLUDE_IN_FRAMEWORK_HEADER = YES;
				CLANG_WARN_RANGE_LOOP_ANALYSIS = YES;
				CLANG_WARN_STRICT_PROTOTYPES = YES;
				CLANG_WARN_SUSPICIOUS_MOVE = YES;
				CLANG_WARN_UNGUARDED_AVAILABILITY = YES_AGGRESSIVE;
				CLANG_WARN_UNREACHABLE_CODE = YES;
				CLANG_WARN__DUPLICATE_METHOD_MATCH = YES;
				COPY_PHASE_STRIP = NO;
				DEBUG_INFORMATION_FORMAT = "dwarf-with-dsym";
				ENABLE_NS_ASSERTIONS = NO;
				ENABLE_STRICT_OBJC_MSGSEND = YES;
				GCC_C_LANGUAGE_STANDARD = gnu11;
				GCC_NO_COMMON_BLOCKS = YES;
				GCC_WARN_64_TO_32_BIT_CONVERSION = YES;
				GCC_WARN_ABOUT_RETURN_TYPE = YES_ERROR;
				GCC_WARN_UNDECLARED_SELECTOR = YES;
				GCC_WARN_UNINITIALIZED_AUTOS = YES_AGGRESSIVE;
				GCC_WARN_UNUSED_FUNCTION = YES;
				GCC_WARN_UNUSED_VARIABLE = YES;
				IPHONEOS_DEPLOYMENT_TARGET = 14.5;
				MTL_ENABLE_DEBUG_INFO = NO;
				MTL_FAST_MATH = YES;
				SDKROOT = iphoneos;
				SWIFT_COMPILATION_MODE = wholemodule;
				SWIFT_OPTIMIZATION_LEVEL = "-O";
				VALIDATE_PRODUCT = YES;
			};
			name = Release;
		};
		EDF79D7126F7A88200FD937C /* Debug */ = {
			isa = XCBuildConfiguration;
			buildSettings = {
				ASSETCATALOG_COMPILER_APPICON_NAME = AppIcon;
				ASSETCATALOG_COMPILER_GLOBAL_ACCENT_COLOR_NAME = AccentColor;
				CODE_SIGN_STYLE = Automatic;
				DEVELOPMENT_TEAM = HC675G235N;
				INFOPLIST_FILE = TaskList/Resourses/Info.plist;
				LD_RUNPATH_SEARCH_PATHS = (
					"$(inherited)",
					"@executable_path/Frameworks",
				);
				PRODUCT_BUNDLE_IDENTIFIER = "Kirill-Tarasov.TaskList";
				PRODUCT_NAME = "$(TARGET_NAME)";
				SWIFT_VERSION = 5.0;
				TARGETED_DEVICE_FAMILY = "1,2";
			};
			name = Debug;
		};
		EDF79D7226F7A88200FD937C /* Release */ = {
			isa = XCBuildConfiguration;
			buildSettings = {
				ASSETCATALOG_COMPILER_APPICON_NAME = AppIcon;
				ASSETCATALOG_COMPILER_GLOBAL_ACCENT_COLOR_NAME = AccentColor;
				CODE_SIGN_STYLE = Automatic;
				DEVELOPMENT_TEAM = HC675G235N;
				INFOPLIST_FILE = TaskList/Resourses/Info.plist;
				LD_RUNPATH_SEARCH_PATHS = (
					"$(inherited)",
					"@executable_path/Frameworks",
				);
				PRODUCT_BUNDLE_IDENTIFIER = "Kirill-Tarasov.TaskList";
				PRODUCT_NAME = "$(TARGET_NAME)";
				SWIFT_VERSION = 5.0;
				TARGETED_DEVICE_FAMILY = "1,2";
			};
			name = Release;
		};
/* End XCBuildConfiguration section */

/* Begin XCConfigurationList section */
		EDF79D5426F7A87600FD937C /* Build configuration list for PBXProject "TaskList" */ = {
			isa = XCConfigurationList;
			buildConfigurations = (
				EDF79D6E26F7A88200FD937C /* Debug */,
				EDF79D6F26F7A88200FD937C /* Release */,
			);
			defaultConfigurationIsVisible = 0;
			defaultConfigurationName = Release;
		};
		EDF79D7026F7A88200FD937C /* Build configuration list for PBXNativeTarget "TaskList" */ = {
			isa = XCConfigurationList;
			buildConfigurations = (
				EDF79D7126F7A88200FD937C /* Debug */,
				EDF79D7226F7A88200FD937C /* Release */,
			);
			defaultConfigurationIsVisible = 0;
			defaultConfigurationName = Release;
		};
/* End XCConfigurationList section */

/* Begin XCVersionGroup section */
		EDF79D6526F7A87600FD937C /* TaskList.xcdatamodeld */ = {
			isa = XCVersionGroup;
			children = (
				EDF79D6626F7A87600FD937C /* TaskList.xcdatamodel */,
			);
			currentVersion = EDF79D6626F7A87600FD937C /* TaskList.xcdatamodel */;
			path = TaskList.xcdatamodeld;
			sourceTree = "<group>";
			versionGroupType = wrapper.xcdatamodel;
		};
/* End XCVersionGroup section */
	};
	rootObject = EDF79D5126F7A87600FD937C /* Project object */;
}
